<?xml version="1.0" encoding="UTF-8" standalone="yes" ?>
<CodeBlocks_project_file>
	<FileVersion major="1" minor="6" />
	<Project>
		<Option title="project1" />
		<Option pch_mode="2" />
		<Option compiler="gcc" />
		<Build>
			<Target title="Debug">
				<Option output="bin/Debug/project1" prefix_auto="1" extension_auto="1" />
				<Option object_output="obj/Debug/" />
				<Option type="1" />
				<Option compiler="gcc" />
				<Compiler>
					<Add option="-g" />
				</Compiler>
			</Target>
			<Target title="Release">
				<Option output="bin/Release/project1" prefix_auto="1" extension_auto="1" />
				<Option object_output="obj/Release/" />
				<Option type="1" />
				<Option compiler="gcc" />
				<Compiler>
					<Add option="-O2" />
				</Compiler>
				<Linker>
					<Add option="-s" />
				</Linker>
			</Target>
		</Build>
		<Compiler>
			<Add option="-Wall" />
		</Compiler>
		<Unit filename="Systeme.c">
			<Option compilerVar="CC" />
		</Unit>
		<Unit filename="Systeme.h" />
		<Unit filename="accounts.c">
			<Option compilerVar="CC" />
		</Unit>
		<Unit filename="accounts.h" />
		<Unit filename="data" />
		<Unit filename="fileOp.c">
			<Option compilerVar="CC" />
		</Unit>
		<Unit filename="fileOp.h" />
		<Unit filename="main.c">
			<Option compilerVar="CC" />
		</Unit>
		<Unit filename="siteOps.c">
			<Option compilerVar="CC" />
		</Unit>
		<Unit filename="siteOps.h" />
		<Unit filename="user.c">
			<Option compilerVar="CC" />
		</Unit>
		<Unit filename="user.h" />
		<Unit filename="userList.c">
			<Option compilerVar="CC" />
		</Unit>
		<Unit filename="userList.h" />
		<Extensions />
	</Project>
</CodeBlocks_project_file>
